
Microsoft Visual Studio Solution File, Format Version 12.00
# Visual Studio 15
VisualStudioVersion = 15.0.28307.1000
MinimumVisualStudioVersion = 10.0.40219.1
Project("{FAE04EC0-301F-11D3-BF4B-00C04F79EFBC}") = "OrderManage", "OrderManage\OrderManage.csproj", "{BD5EF337-32F5-45AE-8DDB-8FD271C077DE}"
EndProject
Project("{FAE04EC0-301F-11D3-BF4B-00C04F79EFBC}") = "OrderManageTests1", "OrderManageTests1\OrderManageTests1.csproj", "{253CAEB0-9EC9-47BB-96E7-5FD743FCC4A2}"
EndProject
Project("{FAE04EC0-301F-11D3-BF4B-00C04F79EFBC}") = "OrderManageForms", "OrderManageForms\OrderManageForms.csproj", "{A981CDA7-B7AB-464C-AD93-8AF1B31E7070}"
EndProject
Global
	GlobalSection(SolutionConfigurationPlatforms) = preSolution
		Debug|Any CPU = Debug|Any CPU
		Release|Any CPU = Release|Any CPU
	EndGlobalSection
	GlobalSection(ProjectConfigurationPlatforms) = postSolution
		{BD5EF337-32F5-45AE-8DDB-8FD271C077DE}.Debug|Any CPU.ActiveCfg = Debug|Any CPU
		{BD5EF337-32F5-45AE-8DDB-8FD271C077DE}.Debug|Any CPU.Build.0 = Debug|Any CPU
		{BD5EF337-32F5-45AE-8DDB-8FD271C077DE}.Release|Any CPU.ActiveCfg = Release|Any CPU
		{BD5EF337-32F5-45AE-8DDB-8FD271C077DE}.Release|Any CPU.Build.0 = Release|Any CPU
		{253CAEB0-9EC9-47BB-96E7-5FD743FCC4A2}.Debug|Any CPU.ActiveCfg = Debug|Any CPU
		{253CAEB0-9EC9-47BB-96E7-5FD743FCC4A2}.Debug|Any CPU.Build.0 = Debug|Any CPU
		{253CAEB0-9EC9-47BB-96E7-5FD743FCC4A2}.Release|Any CPU.ActiveCfg = Release|Any CPU
		{253CAEB0-9EC9-47BB-96E7-5FD743FCC4A2}.Release|Any CPU.Build.0 = Release|Any CPU
		{A981CDA7-B7AB-464C-AD93-8AF1B31E7070}.Debug|Any CPU.ActiveCfg = Debug|Any CPU
		{A981CDA7-B7AB-464C-AD93-8AF1B31E7070}.Debug|Any CPU.Build.0 = Debug|Any CPU
		{A981CDA7-B7AB-464C-AD93-8AF1B31E7070}.Release|Any CPU.ActiveCfg = Release|Any CPU
		{A981CDA7-B7AB-464C-AD93-8AF1B31E7070}.Release|Any CPU.Build.0 = Release|Any CPU
	EndGlobalSection
	GlobalSection(SolutionProperties) = preSolution
		HideSolutionNode = FALSE
	EndGlobalSection
	GlobalSection(ExtensibilityGlobals) = postSolution
		SolutionGuid = {75C96194-B88F-4343-A4F5-159A925B2EDF}
	EndGlobalSection
EndGlobal
