
Microsoft Visual Studio Solution File, Format Version 12.00
# Visual Studio Version 16
VisualStudioVersion = 16.0.29806.167
MinimumVisualStudioVersion = 10.0.40219.1
Project("{FAE04EC0-301F-11D3-BF4B-00C04F79EFBC}") = "CalculationWin", "CalculationWin\CalculationWin.csproj", "{2E87E8C3-E183-4983-A330-5AC3C146F186}"
EndProject
Global
	GlobalSection(SolutionConfigurationPlatforms) = preSolution
		Debug|Any CPU = Debug|Any CPU
		Release|Any CPU = Release|Any CPU
	EndGlobalSection
	GlobalSection(ProjectConfigurationPlatforms) = postSolution
		{2E87E8C3-E183-4983-A330-5AC3C146F186}.Debug|Any CPU.ActiveCfg = Debug|Any CPU
		{2E87E8C3-E183-4983-A330-5AC3C146F186}.Debug|Any CPU.Build.0 = Debug|Any CPU
		{2E87E8C3-E183-4983-A330-5AC3C146F186}.Release|Any CPU.ActiveCfg = Release|Any CPU
		{2E87E8C3-E183-4983-A330-5AC3C146F186}.Release|Any CPU.Build.0 = Release|Any CPU
	EndGlobalSection
	GlobalSection(SolutionProperties) = preSolution
		HideSolutionNode = FALSE
	EndGlobalSection
	GlobalSection(ExtensibilityGlobals) = postSolution
		SolutionGuid = {9E639229-05BE-4635-B000-A14A40A6A251}
	EndGlobalSection
EndGlobal
